
Microsoft Visual Studio Solution File, Format Version 12.00
# Visual Studio 15
VisualStudioVersion = 15.0.27703.2026
MinimumVisualStudioVersion = 10.0.40219.1
Project("{FAE04EC0-301F-11D3-BF4B-00C04F79EFBC}") = "azuretestapp", "azuretestapp\azuretestapp.csproj", "{66EE5EDB-D0E8-42A7-92A0-324BF02D15DE}"
EndProject
Project("{FAE04EC0-301F-11D3-BF4B-00C04F79EFBC}") = "xunittestforazure", "xunittestforazure\xunittestforazure.csproj", "{7DF2FD6D-8C7A-44DC-9FDE-70B48657C055}"
EndProject
Global
	GlobalSection(SolutionConfigurationPlatforms) = preSolution
		Debug|Any CPU = Debug|Any CPU
		Release|Any CPU = Release|Any CPU
	EndGlobalSection
	GlobalSection(ProjectConfigurationPlatforms) = postSolution
		{66EE5EDB-D0E8-42A7-92A0-324BF02D15DE}.Debug|Any CPU.ActiveCfg = Debug|Any CPU
		{66EE5EDB-D0E8-42A7-92A0-324BF02D15DE}.Debug|Any CPU.Build.0 = Debug|Any CPU
		{66EE5EDB-D0E8-42A7-92A0-324BF02D15DE}.Release|Any CPU.ActiveCfg = Release|Any CPU
		{66EE5EDB-D0E8-42A7-92A0-324BF02D15DE}.Release|Any CPU.Build.0 = Release|Any CPU
		{7DF2FD6D-8C7A-44DC-9FDE-70B48657C055}.Debug|Any CPU.ActiveCfg = Debug|Any CPU
		{7DF2FD6D-8C7A-44DC-9FDE-70B48657C055}.Debug|Any CPU.Build.0 = Debug|Any CPU
		{7DF2FD6D-8C7A-44DC-9FDE-70B48657C055}.Release|Any CPU.ActiveCfg = Release|Any CPU
		{7DF2FD6D-8C7A-44DC-9FDE-70B48657C055}.Release|Any CPU.Build.0 = Release|Any CPU
	EndGlobalSection
	GlobalSection(SolutionProperties) = preSolution
		HideSolutionNode = FALSE
	EndGlobalSection
	GlobalSection(ExtensibilityGlobals) = postSolution
		SolutionGuid = {38D40438-6E64-46B2-A65A-4BF102020DE4}
	EndGlobalSection
EndGlobal
